// !$*UTF8*$!
{
	archiveVersion = 1;
	classes = {
	};
	objectVersion = 50;
	objects = {

/* Begin PBXBuildFile section */
		827ECEDD24F1608000A095F1 /* libAPI.a in Frameworks */ = {isa = PBXBuildFile; fileRef = 827ECEDC24F1608000A095F1 /* libAPI.a */; };
		82A7A24A24F15D9100FF55D6 /* AppDelegate.swift in Sources */ = {isa = PBXBuildFile; fileRef = 82A7A24924F15D9100FF55D6 /* AppDelegate.swift */; };
		82A7A24C24F15D9100FF55D6 /* SceneDelegate.swift in Sources */ = {isa = PBXBuildFile; fileRef = 82A7A24B24F15D9100FF55D6 /* SceneDelegate.swift */; };
		82A7A24E24F15D9100FF55D6 /* ContentView.swift in Sources */ = {isa = PBXBuildFile; fileRef = 82A7A24D24F15D9100FF55D6 /* ContentView.swift */; };
		82A7A25024F15D9300FF55D6 /* Assets.xcassets in Resources */ = {isa = PBXBuildFile; fileRef = 82A7A24F24F15D9300FF55D6 /* Assets.xcassets */; };
		82A7A25324F15D9300FF55D6 /* Preview Assets.xcassets in Resources */ = {isa = PBXBuildFile; fileRef = 82A7A25224F15D9300FF55D6 /* Preview Assets.xcassets */; };
		82A7A25624F15D9300FF55D6 /* LaunchScreen.storyboard in Resources */ = {isa = PBXBuildFile; fileRef = 82A7A25424F15D9300FF55D6 /* LaunchScreen.storyboard */; };
		82A7A26124F15D9300FF55D6 /* FSMSampleUITests.swift in Sources */ = {isa = PBXBuildFile; fileRef = 82A7A26024F15D9300FF55D6 /* FSMSampleUITests.swift */; };
/* End PBXBuildFile section */

/* Begin PBXContainerItemProxy section */
		82A7A25D24F15D9300FF55D6 /* PBXContainerItemProxy */ = {
			isa = PBXContainerItemProxy;
			containerPortal = 82A7A23E24F15D9100FF55D6 /* Project object */;
			proxyType = 1;
			remoteGlobalIDString = 82A7A24524F15D9100FF55D6;
			remoteInfo = FSMSample;
		};
/* End PBXContainerItemProxy section */

/* Begin PBXFileReference section */
		827ECED224F15ECB00A095F1 /* Member.framework */ = {isa = PBXFileReference; explicitFileType = wrapper.framework; path = Member.framework; sourceTree = BUILT_PRODUCTS_DIR; };
		827ECED324F15ECB00A095F1 /* Push.framework */ = {isa = PBXFileReference; explicitFileType = wrapper.framework; path = Push.framework; sourceTree = BUILT_PRODUCTS_DIR; };
		827ECED424F15ECB00A095F1 /* Store.framework */ = {isa = PBXFileReference; explicitFileType = wrapper.framework; path = Store.framework; sourceTree = BUILT_PRODUCTS_DIR; };
		827ECEDC24F1608000A095F1 /* libAPI.a */ = {isa = PBXFileReference; explicitFileType = archive.ar; path = libAPI.a; sourceTree = BUILT_PRODUCTS_DIR; };
		82A7A24624F15D9100FF55D6 /* FSMSample.app */ = {isa = PBXFileReference; explicitFileType = wrapper.application; includeInIndex = 0; path = FSMSample.app; sourceTree = BUILT_PRODUCTS_DIR; };
		82A7A24924F15D9100FF55D6 /* AppDelegate.swift */ = {isa = PBXFileReference; lastKnownFileType = sourcecode.swift; path = AppDelegate.swift; sourceTree = "<group>"; };
		82A7A24B24F15D9100FF55D6 /* SceneDelegate.swift */ = {isa = PBXFileReference; lastKnownFileType = sourcecode.swift; path = SceneDelegate.swift; sourceTree = "<group>"; };
		82A7A24D24F15D9100FF55D6 /* ContentView.swift */ = {isa = PBXFileReference; lastKnownFileType = sourcecode.swift; path = ContentView.swift; sourceTree = "<group>"; };
		82A7A24F24F15D9300FF55D6 /* Assets.xcassets */ = {isa = PBXFileReference; lastKnownFileType = folder.assetcatalog; path = Assets.xcassets; sourceTree = "<group>"; };
		82A7A25224F15D9300FF55D6 /* Preview Assets.xcassets */ = {isa = PBXFileReference; lastKnownFileType = folder.assetcatalog; path = "Preview Assets.xcassets"; sourceTree = "<group>"; };
		82A7A25524F15D9300FF55D6 /* Base */ = {isa = PBXFileReference; lastKnownFileType = file.storyboard; name = Base; path = Base.lproj/LaunchScreen.storyboard; sourceTree = "<group>"; };
		82A7A25724F15D9300FF55D6 /* Info.plist */ = {isa = PBXFileReference; lastKnownFileType = text.plist.xml; path = Info.plist; sourceTree = "<group>"; };
		82A7A25C24F15D9300FF55D6 /* FSMSampleUITests.xctest */ = {isa = PBXFileReference; explicitFileType = wrapper.cfbundle; includeInIndex = 0; path = FSMSampleUITests.xctest; sourceTree = BUILT_PRODUCTS_DIR; };
		82A7A26024F15D9300FF55D6 /* FSMSampleUITests.swift */ = {isa = PBXFileReference; lastKnownFileType = sourcecode.swift; path = FSMSampleUITests.swift; sourceTree = "<group>"; };
		82A7A26224F15D9300FF55D6 /* Info.plist */ = {isa = PBXFileReference; lastKnownFileType = text.plist.xml; path = Info.plist; sourceTree = "<group>"; };
/* End PBXFileReference section */

/* Begin PBXFrameworksBuildPhase section */
		82A7A24324F15D9100FF55D6 /* Frameworks */ = {
			isa = PBXFrameworksBuildPhase;
			buildActionMask = 2147483647;
			files = (
				827ECEDD24F1608000A095F1 /* libAPI.a in Frameworks */,
			);
			runOnlyForDeploymentPostprocessing = 0;
		};
		82A7A25924F15D9300FF55D6 /* Frameworks */ = {
			isa = PBXFrameworksBuildPhase;
			buildActionMask = 2147483647;
			files = (
			);
			runOnlyForDeploymentPostprocessing = 0;
		};
/* End PBXFrameworksBuildPhase section */

/* Begin PBXGroup section */
		827ECED124F15ECB00A095F1 /* Frameworks */ = {
			isa = PBXGroup;
			children = (
				827ECEDC24F1608000A095F1 /* libAPI.a */,
				827ECED224F15ECB00A095F1 /* Member.framework */,
				827ECED324F15ECB00A095F1 /* Push.framework */,
				827ECED424F15ECB00A095F1 /* Store.framework */,
			);
			name = Frameworks;
			sourceTree = "<group>";
		};
		82A7A23D24F15D9100FF55D6 = {
			isa = PBXGroup;
			children = (
				82A7A24824F15D9100FF55D6 /* FSMSample */,
				82A7A25F24F15D9300FF55D6 /* FSMSampleUITests */,
				82A7A24724F15D9100FF55D6 /* Products */,
				827ECED124F15ECB00A095F1 /* Frameworks */,
			);
			sourceTree = "<group>";
		};
		82A7A24724F15D9100FF55D6 /* Products */ = {
			isa = PBXGroup;
			children = (
				82A7A24624F15D9100FF55D6 /* FSMSample.app */,
				82A7A25C24F15D9300FF55D6 /* FSMSampleUITests.xctest */,
			);
			name = Products;
			sourceTree = "<group>";
		};
		82A7A24824F15D9100FF55D6 /* FSMSample */ = {
			isa = PBXGroup;
			children = (
				82A7A24924F15D9100FF55D6 /* AppDelegate.swift */,
				82A7A24B24F15D9100FF55D6 /* SceneDelegate.swift */,
				82A7A24D24F15D9100FF55D6 /* ContentView.swift */,
				82A7A24F24F15D9300FF55D6 /* Assets.xcassets */,
				82A7A25424F15D9300FF55D6 /* LaunchScreen.storyboard */,
				82A7A25724F15D9300FF55D6 /* Info.plist */,
				82A7A25124F15D9300FF55D6 /* Preview Content */,
			);
			path = FSMSample;
			sourceTree = "<group>";
		};
		82A7A25124F15D9300FF55D6 /* Preview Content */ = {
			isa = PBXGroup;
			children = (
				82A7A25224F15D9300FF55D6 /* Preview Assets.xcassets */,
			);
			path = "Preview Content";
			sourceTree = "<group>";
		};
		82A7A25F24F15D9300FF55D6 /* FSMSampleUITests */ = {
			isa = PBXGroup;
			children = (
				82A7A26024F15D9300FF55D6 /* FSMSampleUITests.swift */,
				82A7A26224F15D9300FF55D6 /* Info.plist */,
			);
			path = FSMSampleUITests;
			sourceTree = "<group>";
		};
/* End PBXGroup section */

/* Begin PBXNativeTarget section */
		82A7A24524F15D9100FF55D6 /* FSMSample */ = {
			isa = PBXNativeTarget;
			buildConfigurationList = 82A7A26524F15D9300FF55D6 /* Build configuration list for PBXNativeTarget "FSMSample" */;
			buildPhases = (
				82A7A24224F15D9100FF55D6 /* Sources */,
				82A7A24324F15D9100FF55D6 /* Frameworks */,
				82A7A24424F15D9100FF55D6 /* Resources */,
			);
			buildRules = (
			);
			dependencies = (
			);
			name = FSMSample;
			productName = FSMSample;
			productReference = 82A7A24624F15D9100FF55D6 /* FSMSample.app */;
			productType = "com.apple.product-type.application";
		};
		82A7A25B24F15D9300FF55D6 /* FSMSampleUITests */ = {
			isa = PBXNativeTarget;
			buildConfigurationList = 82A7A26824F15D9300FF55D6 /* Build configuration list for PBXNativeTarget "FSMSampleUITests" */;
			buildPhases = (
				82A7A25824F15D9300FF55D6 /* Sources */,
				82A7A25924F15D9300FF55D6 /* Frameworks */,
				82A7A25A24F15D9300FF55D6 /* Resources */,
			);
			buildRules = (
			);
			dependencies = (
				82A7A25E24F15D9300FF55D6 /* PBXTargetDependency */,
			);
			name = FSMSampleUITests;
			productName = FSMSampleUITests;
			productReference = 82A7A25C24F15D9300FF55D6 /* FSMSampleUITests.xctest */;
			productType = "com.apple.product-type.bundle.ui-testing";
		};
/* End PBXNativeTarget section */

/* Begin PBXProject section */
		82A7A23E24F15D9100FF55D6 /* Project object */ = {
			isa = PBXProject;
			attributes = {
				LastSwiftUpdateCheck = 1160;
				LastUpgradeCheck = 1160;
				ORGANIZATIONNAME = "Gihyun Kim";
				TargetAttributes = {
					82A7A24524F15D9100FF55D6 = {
						CreatedOnToolsVersion = 11.6;
					};
					82A7A25B24F15D9300FF55D6 = {
						CreatedOnToolsVersion = 11.6;
						TestTargetID = 82A7A24524F15D9100FF55D6;
					};
				};
			};
			buildConfigurationList = 82A7A24124F15D9100FF55D6 /* Build configuration list for PBXProject "FSMSample" */;
			compatibilityVersion = "Xcode 9.3";
			developmentRegion = en;
			hasScannedForEncodings = 0;
			knownRegions = (
				en,
				Base,
			);
			mainGroup = 82A7A23D24F15D9100FF55D6;
			productRefGroup = 82A7A24724F15D9100FF55D6 /* Products */;
			projectDirPath = "";
			projectRoot = "";
			targets = (
				82A7A24524F15D9100FF55D6 /* FSMSample */,
				82A7A25B24F15D9300FF55D6 /* FSMSampleUITests */,
			);
		};
/* End PBXProject section */

/* Begin PBXResourcesBuildPhase section */
		82A7A24424F15D9100FF55D6 /* Resources */ = {
			isa = PBXResourcesBuildPhase;
			buildActionMask = 2147483647;
			files = (
				82A7A25624F15D9300FF55D6 /* LaunchScreen.storyboard in Resources */,
				82A7A25324F15D9300FF55D6 /* Preview Assets.xcassets in Resources */,
				82A7A25024F15D9300FF55D6 /* Assets.xcassets in Resources */,
			);
			runOnlyForDeploymentPostprocessing = 0;
		};
		82A7A25A24F15D9300FF55D6 /* Resources */ = {
			isa = PBXResourcesBuildPhase;
			buildActionMask = 2147483647;
			files = (
			);
			runOnlyForDeploymentPostprocessing = 0;
		};
/* End PBXResourcesBuildPhase section */

/* Begin PBXSourcesBuildPhase section */
		82A7A24224F15D9100FF55D6 /* Sources */ = {
			isa = PBXSourcesBuildPhase;
			buildActionMask = 2147483647;
			files = (
				82A7A24A24F15D9100FF55D6 /* AppDelegate.swift in Sources */,
				82A7A24C24F15D9100FF55D6 /* SceneDelegate.swift in Sources */,
				82A7A24E24F15D9100FF55D6 /* ContentView.swift in Sources */,
			);
			runOnlyForDeploymentPostprocessing = 0;
		};
		82A7A25824F15D9300FF55D6 /* Sources */ = {
			isa = PBXSourcesBuildPhase;
			buildActionMask = 2147483647;
			files = (
				82A7A26124F15D9300FF55D6 /* FSMSampleUITests.swift in Sources */,
			);
			runOnlyForDeploymentPostprocessing = 0;
		};
/* End PBXSourcesBuildPhase section */

/* Begin PBXTargetDependency section */
		82A7A25E24F15D9300FF55D6 /* PBXTargetDependency */ = {
			isa = PBXTargetDependency;
			target = 82A7A24524F15D9100FF55D6 /* FSMSample */;
			targetProxy = 82A7A25D24F15D9300FF55D6 /* PBXContainerItemProxy */;
		};
/* End PBXTargetDependency section */

/* Begin PBXVariantGroup section */
		82A7A25424F15D9300FF55D6 /* LaunchScreen.storyboard */ = {
			isa = PBXVariantGroup;
			children = (
				82A7A25524F15D9300FF55D6 /* Base */,
			);
			name = LaunchScreen.storyboard;
			sourceTree = "<group>";
		};
/* End PBXVariantGroup section */

/* Begin XCBuildConfiguration section */
		82A7A26324F15D9300FF55D6 /* Debug */ = {
			isa = XCBuildConfiguration;
			buildSettings = {
				ALWAYS_SEARCH_USER_PATHS = NO;
				CLANG_ANALYZER_NONNULL = YES;
				CLANG_ANALYZER_NUMBER_OBJECT_CONVERSION = YES_AGGRESSIVE;
				CLANG_CXX_LANGUAGE_STANDARD = "gnu++14";
				CLANG_CXX_LIBRARY = "libc++";
				CLANG_ENABLE_MODULES = YES;
				CLANG_ENABLE_OBJC_ARC = YES;
				CLANG_ENABLE_OBJC_WEAK = YES;
				CLANG_WARN_BLOCK_CAPTURE_AUTORELEASING = YES;
				CLANG_WARN_BOOL_CONVERSION = YES;
				CLANG_WARN_COMMA = YES;
				CLANG_WARN_CONSTANT_CONVERSION = YES;
				CLANG_WARN_DEPRECATED_OBJC_IMPLEMENTATIONS = YES;
				CLANG_WARN_DIRECT_OBJC_ISA_USAGE = YES_ERROR;
				CLANG_WARN_DOCUMENTATION_COMMENTS = YES;
				CLANG_WARN_EMPTY_BODY = YES;
				CLANG_WARN_ENUM_CONVERSION = YES;
				CLANG_WARN_INFINITE_RECURSION = YES;
				CLANG_WARN_INT_CONVERSION = YES;
				CLANG_WARN_NON_LITERAL_NULL_CONVERSION = YES;
				CLANG_WARN_OBJC_IMPLICIT_RETAIN_SELF = YES;
				CLANG_WARN_OBJC_LITERAL_CONVERSION = YES;
				CLANG_WARN_OBJC_ROOT_CLASS = YES_ERROR;
				CLANG_WARN_RANGE_LOOP_ANALYSIS = YES;
				CLANG_WARN_STRICT_PROTOTYPES = YES;
				CLANG_WARN_SUSPICIOUS_MOVE = YES;
				CLANG_WARN_UNGUARDED_AVAILABILITY = YES_AGGRESSIVE;
				CLANG_WARN_UNREACHABLE_CODE = YES;
				CLANG_WARN__DUPLICATE_METHOD_MATCH = YES;
				COPY_PHASE_STRIP = NO;
				DEBUG_INFORMATION_FORMAT = dwarf;
				ENABLE_STRICT_OBJC_MSGSEND = YES;
				ENABLE_TESTABILITY = YES;
				GCC_C_LANGUAGE_STANDARD = gnu11;
				GCC_DYNAMIC_NO_PIC = NO;
				GCC_NO_COMMON_BLOCKS = YES;
				GCC_OPTIMIZATION_LEVEL = 0;
				GCC_PREPROCESSOR_DEFINITIONS = (
					"DEBUG=1",
					"$(inherited)",
				);
				GCC_WARN_64_TO_32_BIT_CONVERSION = YES;
				GCC_WARN_ABOUT_RETURN_TYPE = YES_ERROR;
				GCC_WARN_UNDECLARED_SELECTOR = YES;
				GCC_WARN_UNINITIALIZED_AUTOS = YES_AGGRESSIVE;
				GCC_WARN_UNUSED_FUNCTION = YES;
				GCC_WARN_UNUSED_VARIABLE = YES;
				IPHONEOS_DEPLOYMENT_TARGET = 13.6;
				MTL_ENABLE_DEBUG_INFO = INCLUDE_SOURCE;
				MTL_FAST_MATH = YES;
				ONLY_ACTIVE_ARCH = YES;
				SDKROOT = iphoneos;
				SWIFT_ACTIVE_COMPILATION_CONDITIONS = DEBUG;
				SWIFT_OPTIMIZATION_LEVEL = "-Onone";
			};
			name = Debug;
		};
		82A7A26424F15D9300FF55D6 /* Release */ = {
			isa = XCBuildConfiguration;
			buildSettings = {
				ALWAYS_SEARCH_USER_PATHS = NO;
				CLANG_ANALYZER_NONNULL = YES;
				CLANG_ANALYZER_NUMBER_OBJECT_CONVERSION = YES_AGGRESSIVE;
				CLANG_CXX_LANGUAGE_STANDARD = "gnu++14";
				CLANG_CXX_LIBRARY = "libc++";
				CLANG_ENABLE_MODULES = YES;
				CLANG_ENABLE_OBJC_ARC = YES;
				CLANG_ENABLE_OBJC_WEAK = YES;
				CLANG_WARN_BLOCK_CAPTURE_AUTORELEASING = YES;
				CLANG_WARN_BOOL_CONVERSION = YES;
				CLANG_WARN_COMMA = YES;
				CLANG_WARN_CONSTANT_CONVERSION = YES;
				CLANG_WARN_DEPRECATED_OBJC_IMPLEMENTATIONS = YES;
				CLANG_WARN_DIRECT_OBJC_ISA_USAGE = YES_ERROR;
				CLANG_WARN_DOCUMENTATION_COMMENTS = YES;
				CLANG_WARN_EMPTY_BODY = YES;
				CLANG_WARN_ENUM_CONVERSION = YES;
				CLANG_WARN_INFINITE_RECURSION = YES;
				CLANG_WARN_INT_CONVERSION = YES;
				CLANG_WARN_NON_LITERAL_NULL_CONVERSION = YES;
				CLANG_WARN_OBJC_IMPLICIT_RETAIN_SELF = YES;
				CLANG_WARN_OBJC_LITERAL_CONVERSION = YES;
				CLANG_WARN_OBJC_ROOT_CLASS = YES_ERROR;
				CLANG_WARN_RANGE_LOOP_ANALYSIS = YES;
				CLANG_WARN_STRICT_PROTOTYPES = YES;
				CLANG_WARN_SUSPICIOUS_MOVE = YES;
				CLANG_WARN_UNGUARDED_AVAILABILITY = YES_AGGRESSIVE;
				CLANG_WARN_UNREACHABLE_CODE = YES;
				CLANG_WARN__DUPLICATE_METHOD_MATCH = YES;
				COPY_PHASE_STRIP = NO;
				DEBUG_INFORMATION_FORMAT = "dwarf-with-dsym";
				ENABLE_NS_ASSERTIONS = NO;
				ENABLE_STRICT_OBJC_MSGSEND = YES;
				GCC_C_LANGUAGE_STANDARD = gnu11;
				GCC_NO_COMMON_BLOCKS = YES;
				GCC_WARN_64_TO_32_BIT_CONVERSION = YES;
				GCC_WARN_ABOUT_RETURN_TYPE = YES_ERROR;
				GCC_WARN_UNDECLARED_SELECTOR = YES;
				GCC_WARN_UNINITIALIZED_AUTOS = YES_AGGRESSIVE;
				GCC_WARN_UNUSED_FUNCTION = YES;
				GCC_WARN_UNUSED_VARIABLE = YES;
				IPHONEOS_DEPLOYMENT_TARGET = 13.6;
				MTL_ENABLE_DEBUG_INFO = NO;
				MTL_FAST_MATH = YES;
				SDKROOT = iphoneos;
				SWIFT_COMPILATION_MODE = wholemodule;
				SWIFT_OPTIMIZATION_LEVEL = "-O";
				VALIDATE_PRODUCT = YES;
			};
			name = Release;
		};
		82A7A26624F15D9300FF55D6 /* Debug */ = {
			isa = XCBuildConfiguration;
			buildSettings = {
				ASSETCATALOG_COMPILER_APPICON_NAME = AppIcon;
				CODE_SIGN_STYLE = Automatic;
				DEVELOPMENT_ASSET_PATHS = "\"FSMSample/Preview Content\"";
				DEVELOPMENT_TEAM = HBZLH8M85C;
				ENABLE_PREVIEWS = YES;
				INFOPLIST_FILE = FSMSample/Info.plist;
				LD_RUNPATH_SEARCH_PATHS = (
					"$(inherited)",
					"@executable_path/Frameworks",
				);
				PRODUCT_BUNDLE_IDENTIFIER = com.wimes.example.FSMSample;
				PRODUCT_NAME = "$(TARGET_NAME)";
				SWIFT_VERSION = 5.0;
				TARGETED_DEVICE_FAMILY = "1,2";
			};
			name = Debug;
		};
		82A7A26724F15D9300FF55D6 /* Release */ = {
			isa = XCBuildConfiguration;
			buildSettings = {
				ASSETCATALOG_COMPILER_APPICON_NAME = AppIcon;
				CODE_SIGN_STYLE = Automatic;
				DEVELOPMENT_ASSET_PATHS = "\"FSMSample/Preview Content\"";
				DEVELOPMENT_TEAM = HBZLH8M85C;
				ENABLE_PREVIEWS = YES;
				INFOPLIST_FILE = FSMSample/Info.plist;
				LD_RUNPATH_SEARCH_PATHS = (
					"$(inherited)",
					"@executable_path/Frameworks",
				);
				PRODUCT_BUNDLE_IDENTIFIER = com.wimes.example.FSMSample;
				PRODUCT_NAME = "$(TARGET_NAME)";
				SWIFT_VERSION = 5.0;
				TARGETED_DEVICE_FAMILY = "1,2";
			};
			name = Release;
		};
		82A7A26924F15D9300FF55D6 /* Debug */ = {
			isa = XCBuildConfiguration;
			buildSettings = {
				ALWAYS_EMBED_SWIFT_STANDARD_LIBRARIES = YES;
				CODE_SIGN_STYLE = Automatic;
				DEVELOPMENT_TEAM = HBZLH8M85C;
				INFOPLIST_FILE = FSMSampleUITests/Info.plist;
				LD_RUNPATH_SEARCH_PATHS = (
					"$(inherited)",
					"@executable_path/Frameworks",
					"@loader_path/Frameworks",
				);
				PRODUCT_BUNDLE_IDENTIFIER = com.wimes.example.FSMSampleUITests;
				PRODUCT_NAME = "$(TARGET_NAME)";
				SWIFT_VERSION = 5.0;
				TARGETED_DEVICE_FAMILY = "1,2";
				TEST_TARGET_NAME = FSMSample;
			};
			name = Debug;
		};
		82A7A26A24F15D9300FF55D6 /* Release */ = {
			isa = XCBuildConfiguration;
			buildSettings = {
				ALWAYS_EMBED_SWIFT_STANDARD_LIBRARIES = YES;
				CODE_SIGN_STYLE = Automatic;
				DEVELOPMENT_TEAM = HBZLH8M85C;
				INFOPLIST_FILE = FSMSampleUITests/Info.plist;
				LD_RUNPATH_SEARCH_PATHS = (
					"$(inherited)",
					"@executable_path/Frameworks",
					"@loader_path/Frameworks",
				);
				PRODUCT_BUNDLE_IDENTIFIER = com.wimes.example.FSMSampleUITests;
				PRODUCT_NAME = "$(TARGET_NAME)";
				SWIFT_VERSION = 5.0;
				TARGETED_DEVICE_FAMILY = "1,2";
				TEST_TARGET_NAME = FSMSample;
			};
			name = Release;
		};
/* End XCBuildConfiguration section */

/* Begin XCConfigurationList section */
		82A7A24124F15D9100FF55D6 /* Build configuration list for PBXProject "FSMSample" */ = {
			isa = XCConfigurationList;
			buildConfigurations = (
				82A7A26324F15D9300FF55D6 /* Debug */,
				82A7A26424F15D9300FF55D6 /* Release */,
			);
			defaultConfigurationIsVisible = 0;
			defaultConfigurationName = Release;
		};
		82A7A26524F15D9300FF55D6 /* Build configuration list for PBXNativeTarget "FSMSample" */ = {
			isa = XCConfigurationList;
			buildConfigurations = (
				82A7A26624F15D9300FF55D6 /* Debug */,
				82A7A26724F15D9300FF55D6 /* Release */,
			);
			defaultConfigurationIsVisible = 0;
			defaultConfigurationName = Release;
		};
		82A7A26824F15D9300FF55D6 /* Build configuration list for PBXNativeTarget "FSMSampleUITests" */ = {
			isa = XCConfigurationList;
			buildConfigurations = (
				82A7A26924F15D9300FF55D6 /* Debug */,
				82A7A26A24F15D9300FF55D6 /* Release */,
			);
			defaultConfigurationIsVisible = 0;
			defaultConfigurationName = Release;
		};
/* End XCConfigurationList section */
	};
	rootObject = 82A7A23E24F15D9100FF55D6 /* Project object */;
}
