// !$*UTF8*$!
{
	archiveVersion = 1;
	classes = {
	};
	objectVersion = 50;
	objects = {

/* Begin PBXBuildFile section */
		82EF8DFB24EABFCF004BED4B /* AppDelegate.swift in Sources */ = {isa = PBXBuildFile; fileRef = 82EF8DFA24EABFCF004BED4B /* AppDelegate.swift */; };
		82EF8DFD24EABFD0004BED4B /* SceneDelegate.swift in Sources */ = {isa = PBXBuildFile; fileRef = 82EF8DFC24EABFD0004BED4B /* SceneDelegate.swift */; };
		82EF8DFF24EABFD0004BED4B /* ContentView.swift in Sources */ = {isa = PBXBuildFile; fileRef = 82EF8DFE24EABFD0004BED4B /* ContentView.swift */; };
		82EF8E0124EABFD1004BED4B /* Assets.xcassets in Resources */ = {isa = PBXBuildFile; fileRef = 82EF8E0024EABFD1004BED4B /* Assets.xcassets */; };
		82EF8E0424EABFD1004BED4B /* Preview Assets.xcassets in Resources */ = {isa = PBXBuildFile; fileRef = 82EF8E0324EABFD1004BED4B /* Preview Assets.xcassets */; };
		82EF8E0724EABFD1004BED4B /* LaunchScreen.storyboard in Resources */ = {isa = PBXBuildFile; fileRef = 82EF8E0524EABFD1004BED4B /* LaunchScreen.storyboard */; };
		82EF8E1224EABFD1004BED4B /* FiniteStateMachineExampleTests.swift in Sources */ = {isa = PBXBuildFile; fileRef = 82EF8E1124EABFD1004BED4B /* FiniteStateMachineExampleTests.swift */; };
		82EF8E1D24EABFD1004BED4B /* FiniteStateMachineExampleUITests.swift in Sources */ = {isa = PBXBuildFile; fileRef = 82EF8E1C24EABFD1004BED4B /* FiniteStateMachineExampleUITests.swift */; };
/* End PBXBuildFile section */

/* Begin PBXContainerItemProxy section */
		82EF8E0E24EABFD1004BED4B /* PBXContainerItemProxy */ = {
			isa = PBXContainerItemProxy;
			containerPortal = 82EF8DEF24EABFCF004BED4B /* Project object */;
			proxyType = 1;
			remoteGlobalIDString = 82EF8DF624EABFCF004BED4B;
			remoteInfo = FiniteStateMachineExample;
		};
		82EF8E1924EABFD1004BED4B /* PBXContainerItemProxy */ = {
			isa = PBXContainerItemProxy;
			containerPortal = 82EF8DEF24EABFCF004BED4B /* Project object */;
			proxyType = 1;
			remoteGlobalIDString = 82EF8DF624EABFCF004BED4B;
			remoteInfo = FiniteStateMachineExample;
		};
/* End PBXContainerItemProxy section */

/* Begin PBXFileReference section */
		82EF8DF724EABFCF004BED4B /* FiniteStateMachineExample.app */ = {isa = PBXFileReference; explicitFileType = wrapper.application; includeInIndex = 0; path = FiniteStateMachineExample.app; sourceTree = BUILT_PRODUCTS_DIR; };
		82EF8DFA24EABFCF004BED4B /* AppDelegate.swift */ = {isa = PBXFileReference; lastKnownFileType = sourcecode.swift; path = AppDelegate.swift; sourceTree = "<group>"; };
		82EF8DFC24EABFD0004BED4B /* SceneDelegate.swift */ = {isa = PBXFileReference; lastKnownFileType = sourcecode.swift; path = SceneDelegate.swift; sourceTree = "<group>"; };
		82EF8DFE24EABFD0004BED4B /* ContentView.swift */ = {isa = PBXFileReference; lastKnownFileType = sourcecode.swift; path = ContentView.swift; sourceTree = "<group>"; };
		82EF8E0024EABFD1004BED4B /* Assets.xcassets */ = {isa = PBXFileReference; lastKnownFileType = folder.assetcatalog; path = Assets.xcassets; sourceTree = "<group>"; };
		82EF8E0324EABFD1004BED4B /* Preview Assets.xcassets */ = {isa = PBXFileReference; lastKnownFileType = folder.assetcatalog; path = "Preview Assets.xcassets"; sourceTree = "<group>"; };
		82EF8E0624EABFD1004BED4B /* Base */ = {isa = PBXFileReference; lastKnownFileType = file.storyboard; name = Base; path = Base.lproj/LaunchScreen.storyboard; sourceTree = "<group>"; };
		82EF8E0824EABFD1004BED4B /* Info.plist */ = {isa = PBXFileReference; lastKnownFileType = text.plist.xml; path = Info.plist; sourceTree = "<group>"; };
		82EF8E0D24EABFD1004BED4B /* FiniteStateMachineExampleTests.xctest */ = {isa = PBXFileReference; explicitFileType = wrapper.cfbundle; includeInIndex = 0; path = FiniteStateMachineExampleTests.xctest; sourceTree = BUILT_PRODUCTS_DIR; };
		82EF8E1124EABFD1004BED4B /* FiniteStateMachineExampleTests.swift */ = {isa = PBXFileReference; lastKnownFileType = sourcecode.swift; path = FiniteStateMachineExampleTests.swift; sourceTree = "<group>"; };
		82EF8E1324EABFD1004BED4B /* Info.plist */ = {isa = PBXFileReference; lastKnownFileType = text.plist.xml; path = Info.plist; sourceTree = "<group>"; };
		82EF8E1824EABFD1004BED4B /* FiniteStateMachineExampleUITests.xctest */ = {isa = PBXFileReference; explicitFileType = wrapper.cfbundle; includeInIndex = 0; path = FiniteStateMachineExampleUITests.xctest; sourceTree = BUILT_PRODUCTS_DIR; };
		82EF8E1C24EABFD1004BED4B /* FiniteStateMachineExampleUITests.swift */ = {isa = PBXFileReference; lastKnownFileType = sourcecode.swift; path = FiniteStateMachineExampleUITests.swift; sourceTree = "<group>"; };
		82EF8E1E24EABFD1004BED4B /* Info.plist */ = {isa = PBXFileReference; lastKnownFileType = text.plist.xml; path = Info.plist; sourceTree = "<group>"; };
/* End PBXFileReference section */

/* Begin PBXFrameworksBuildPhase section */
		82EF8DF424EABFCF004BED4B /* Frameworks */ = {
			isa = PBXFrameworksBuildPhase;
			buildActionMask = 2147483647;
			files = (
			);
			runOnlyForDeploymentPostprocessing = 0;
		};
		82EF8E0A24EABFD1004BED4B /* Frameworks */ = {
			isa = PBXFrameworksBuildPhase;
			buildActionMask = 2147483647;
			files = (
			);
			runOnlyForDeploymentPostprocessing = 0;
		};
		82EF8E1524EABFD1004BED4B /* Frameworks */ = {
			isa = PBXFrameworksBuildPhase;
			buildActionMask = 2147483647;
			files = (
			);
			runOnlyForDeploymentPostprocessing = 0;
		};
/* End PBXFrameworksBuildPhase section */

/* Begin PBXGroup section */
		82EF8DEE24EABFCF004BED4B = {
			isa = PBXGroup;
			children = (
				82EF8DF924EABFCF004BED4B /* FiniteStateMachineExample */,
				82EF8E1024EABFD1004BED4B /* FiniteStateMachineExampleTests */,
				82EF8E1B24EABFD1004BED4B /* FiniteStateMachineExampleUITests */,
				82EF8DF824EABFCF004BED4B /* Products */,
			);
			sourceTree = "<group>";
		};
		82EF8DF824EABFCF004BED4B /* Products */ = {
			isa = PBXGroup;
			children = (
				82EF8DF724EABFCF004BED4B /* FiniteStateMachineExample.app */,
				82EF8E0D24EABFD1004BED4B /* FiniteStateMachineExampleTests.xctest */,
				82EF8E1824EABFD1004BED4B /* FiniteStateMachineExampleUITests.xctest */,
			);
			name = Products;
			sourceTree = "<group>";
		};
		82EF8DF924EABFCF004BED4B /* FiniteStateMachineExample */ = {
			isa = PBXGroup;
			children = (
				82EF8DFA24EABFCF004BED4B /* AppDelegate.swift */,
				82EF8DFC24EABFD0004BED4B /* SceneDelegate.swift */,
				82EF8DFE24EABFD0004BED4B /* ContentView.swift */,
				82EF8E0024EABFD1004BED4B /* Assets.xcassets */,
				82EF8E0524EABFD1004BED4B /* LaunchScreen.storyboard */,
				82EF8E0824EABFD1004BED4B /* Info.plist */,
				82EF8E0224EABFD1004BED4B /* Preview Content */,
			);
			path = FiniteStateMachineExample;
			sourceTree = "<group>";
		};
		82EF8E0224EABFD1004BED4B /* Preview Content */ = {
			isa = PBXGroup;
			children = (
				82EF8E0324EABFD1004BED4B /* Preview Assets.xcassets */,
			);
			path = "Preview Content";
			sourceTree = "<group>";
		};
		82EF8E1024EABFD1004BED4B /* FiniteStateMachineExampleTests */ = {
			isa = PBXGroup;
			children = (
				82EF8E1124EABFD1004BED4B /* FiniteStateMachineExampleTests.swift */,
				82EF8E1324EABFD1004BED4B /* Info.plist */,
			);
			path = FiniteStateMachineExampleTests;
			sourceTree = "<group>";
		};
		82EF8E1B24EABFD1004BED4B /* FiniteStateMachineExampleUITests */ = {
			isa = PBXGroup;
			children = (
				82EF8E1C24EABFD1004BED4B /* FiniteStateMachineExampleUITests.swift */,
				82EF8E1E24EABFD1004BED4B /* Info.plist */,
			);
			path = FiniteStateMachineExampleUITests;
			sourceTree = "<group>";
		};
/* End PBXGroup section */

/* Begin PBXNativeTarget section */
		82EF8DF624EABFCF004BED4B /* FiniteStateMachineExample */ = {
			isa = PBXNativeTarget;
			buildConfigurationList = 82EF8E2124EABFD1004BED4B /* Build configuration list for PBXNativeTarget "FiniteStateMachineExample" */;
			buildPhases = (
				82EF8DF324EABFCF004BED4B /* Sources */,
				82EF8DF424EABFCF004BED4B /* Frameworks */,
				82EF8DF524EABFCF004BED4B /* Resources */,
			);
			buildRules = (
			);
			dependencies = (
			);
			name = FiniteStateMachineExample;
			productName = FiniteStateMachineExample;
			productReference = 82EF8DF724EABFCF004BED4B /* FiniteStateMachineExample.app */;
			productType = "com.apple.product-type.application";
		};
		82EF8E0C24EABFD1004BED4B /* FiniteStateMachineExampleTests */ = {
			isa = PBXNativeTarget;
			buildConfigurationList = 82EF8E2424EABFD1004BED4B /* Build configuration list for PBXNativeTarget "FiniteStateMachineExampleTests" */;
			buildPhases = (
				82EF8E0924EABFD1004BED4B /* Sources */,
				82EF8E0A24EABFD1004BED4B /* Frameworks */,
				82EF8E0B24EABFD1004BED4B /* Resources */,
			);
			buildRules = (
			);
			dependencies = (
				82EF8E0F24EABFD1004BED4B /* PBXTargetDependency */,
			);
			name = FiniteStateMachineExampleTests;
			productName = FiniteStateMachineExampleTests;
			productReference = 82EF8E0D24EABFD1004BED4B /* FiniteStateMachineExampleTests.xctest */;
			productType = "com.apple.product-type.bundle.unit-test";
		};
		82EF8E1724EABFD1004BED4B /* FiniteStateMachineExampleUITests */ = {
			isa = PBXNativeTarget;
			buildConfigurationList = 82EF8E2724EABFD1004BED4B /* Build configuration list for PBXNativeTarget "FiniteStateMachineExampleUITests" */;
			buildPhases = (
				82EF8E1424EABFD1004BED4B /* Sources */,
				82EF8E1524EABFD1004BED4B /* Frameworks */,
				82EF8E1624EABFD1004BED4B /* Resources */,
			);
			buildRules = (
			);
			dependencies = (
				82EF8E1A24EABFD1004BED4B /* PBXTargetDependency */,
			);
			name = FiniteStateMachineExampleUITests;
			productName = FiniteStateMachineExampleUITests;
			productReference = 82EF8E1824EABFD1004BED4B /* FiniteStateMachineExampleUITests.xctest */;
			productType = "com.apple.product-type.bundle.ui-testing";
		};
/* End PBXNativeTarget section */

/* Begin PBXProject section */
		82EF8DEF24EABFCF004BED4B /* Project object */ = {
			isa = PBXProject;
			attributes = {
				LastSwiftUpdateCheck = 1160;
				LastUpgradeCheck = 1160;
				ORGANIZATIONNAME = "Gihyun Kim";
				TargetAttributes = {
					82EF8DF624EABFCF004BED4B = {
						CreatedOnToolsVersion = 11.6;
					};
					82EF8E0C24EABFD1004BED4B = {
						CreatedOnToolsVersion = 11.6;
						TestTargetID = 82EF8DF624EABFCF004BED4B;
					};
					82EF8E1724EABFD1004BED4B = {
						CreatedOnToolsVersion = 11.6;
						TestTargetID = 82EF8DF624EABFCF004BED4B;
					};
				};
			};
			buildConfigurationList = 82EF8DF224EABFCF004BED4B /* Build configuration list for PBXProject "FiniteStateMachineExample" */;
			compatibilityVersion = "Xcode 9.3";
			developmentRegion = en;
			hasScannedForEncodings = 0;
			knownRegions = (
				en,
				Base,
			);
			mainGroup = 82EF8DEE24EABFCF004BED4B;
			productRefGroup = 82EF8DF824EABFCF004BED4B /* Products */;
			projectDirPath = "";
			projectRoot = "";
			targets = (
				82EF8DF624EABFCF004BED4B /* FiniteStateMachineExample */,
				82EF8E0C24EABFD1004BED4B /* FiniteStateMachineExampleTests */,
				82EF8E1724EABFD1004BED4B /* FiniteStateMachineExampleUITests */,
			);
		};
/* End PBXProject section */

/* Begin PBXResourcesBuildPhase section */
		82EF8DF524EABFCF004BED4B /* Resources */ = {
			isa = PBXResourcesBuildPhase;
			buildActionMask = 2147483647;
			files = (
				82EF8E0724EABFD1004BED4B /* LaunchScreen.storyboard in Resources */,
				82EF8E0424EABFD1004BED4B /* Preview Assets.xcassets in Resources */,
				82EF8E0124EABFD1004BED4B /* Assets.xcassets in Resources */,
			);
			runOnlyForDeploymentPostprocessing = 0;
		};
		82EF8E0B24EABFD1004BED4B /* Resources */ = {
			isa = PBXResourcesBuildPhase;
			buildActionMask = 2147483647;
			files = (
			);
			runOnlyForDeploymentPostprocessing = 0;
		};
		82EF8E1624EABFD1004BED4B /* Resources */ = {
			isa = PBXResourcesBuildPhase;
			buildActionMask = 2147483647;
			files = (
			);
			runOnlyForDeploymentPostprocessing = 0;
		};
/* End PBXResourcesBuildPhase section */

/* Begin PBXSourcesBuildPhase section */
		82EF8DF324EABFCF004BED4B /* Sources */ = {
			isa = PBXSourcesBuildPhase;
			buildActionMask = 2147483647;
			files = (
				82EF8DFB24EABFCF004BED4B /* AppDelegate.swift in Sources */,
				82EF8DFD24EABFD0004BED4B /* SceneDelegate.swift in Sources */,
				82EF8DFF24EABFD0004BED4B /* ContentView.swift in Sources */,
			);
			runOnlyForDeploymentPostprocessing = 0;
		};
		82EF8E0924EABFD1004BED4B /* Sources */ = {
			isa = PBXSourcesBuildPhase;
			buildActionMask = 2147483647;
			files = (
				82EF8E1224EABFD1004BED4B /* FiniteStateMachineExampleTests.swift in Sources */,
			);
			runOnlyForDeploymentPostprocessing = 0;
		};
		82EF8E1424EABFD1004BED4B /* Sources */ = {
			isa = PBXSourcesBuildPhase;
			buildActionMask = 2147483647;
			files = (
				82EF8E1D24EABFD1004BED4B /* FiniteStateMachineExampleUITests.swift in Sources */,
			);
			runOnlyForDeploymentPostprocessing = 0;
		};
/* End PBXSourcesBuildPhase section */

/* Begin PBXTargetDependency section */
		82EF8E0F24EABFD1004BED4B /* PBXTargetDependency */ = {
			isa = PBXTargetDependency;
			target = 82EF8DF624EABFCF004BED4B /* FiniteStateMachineExample */;
			targetProxy = 82EF8E0E24EABFD1004BED4B /* PBXContainerItemProxy */;
		};
		82EF8E1A24EABFD1004BED4B /* PBXTargetDependency */ = {
			isa = PBXTargetDependency;
			target = 82EF8DF624EABFCF004BED4B /* FiniteStateMachineExample */;
			targetProxy = 82EF8E1924EABFD1004BED4B /* PBXContainerItemProxy */;
		};
/* End PBXTargetDependency section */

/* Begin PBXVariantGroup section */
		82EF8E0524EABFD1004BED4B /* LaunchScreen.storyboard */ = {
			isa = PBXVariantGroup;
			children = (
				82EF8E0624EABFD1004BED4B /* Base */,
			);
			name = LaunchScreen.storyboard;
			sourceTree = "<group>";
		};
/* End PBXVariantGroup section */

/* Begin XCBuildConfiguration section */
		82EF8E1F24EABFD1004BED4B /* Debug */ = {
			isa = XCBuildConfiguration;
			buildSettings = {
				ALWAYS_SEARCH_USER_PATHS = NO;
				CLANG_ANALYZER_NONNULL = YES;
				CLANG_ANALYZER_NUMBER_OBJECT_CONVERSION = YES_AGGRESSIVE;
				CLANG_CXX_LANGUAGE_STANDARD = "gnu++14";
				CLANG_CXX_LIBRARY = "libc++";
				CLANG_ENABLE_MODULES = YES;
				CLANG_ENABLE_OBJC_ARC = YES;
				CLANG_ENABLE_OBJC_WEAK = YES;
				CLANG_WARN_BLOCK_CAPTURE_AUTORELEASING = YES;
				CLANG_WARN_BOOL_CONVERSION = YES;
				CLANG_WARN_COMMA = YES;
				CLANG_WARN_CONSTANT_CONVERSION = YES;
				CLANG_WARN_DEPRECATED_OBJC_IMPLEMENTATIONS = YES;
				CLANG_WARN_DIRECT_OBJC_ISA_USAGE = YES_ERROR;
				CLANG_WARN_DOCUMENTATION_COMMENTS = YES;
				CLANG_WARN_EMPTY_BODY = YES;
				CLANG_WARN_ENUM_CONVERSION = YES;
				CLANG_WARN_INFINITE_RECURSION = YES;
				CLANG_WARN_INT_CONVERSION = YES;
				CLANG_WARN_NON_LITERAL_NULL_CONVERSION = YES;
				CLANG_WARN_OBJC_IMPLICIT_RETAIN_SELF = YES;
				CLANG_WARN_OBJC_LITERAL_CONVERSION = YES;
				CLANG_WARN_OBJC_ROOT_CLASS = YES_ERROR;
				CLANG_WARN_RANGE_LOOP_ANALYSIS = YES;
				CLANG_WARN_STRICT_PROTOTYPES = YES;
				CLANG_WARN_SUSPICIOUS_MOVE = YES;
				CLANG_WARN_UNGUARDED_AVAILABILITY = YES_AGGRESSIVE;
				CLANG_WARN_UNREACHABLE_CODE = YES;
				CLANG_WARN__DUPLICATE_METHOD_MATCH = YES;
				COPY_PHASE_STRIP = NO;
				DEBUG_INFORMATION_FORMAT = dwarf;
				ENABLE_STRICT_OBJC_MSGSEND = YES;
				ENABLE_TESTABILITY = YES;
				GCC_C_LANGUAGE_STANDARD = gnu11;
				GCC_DYNAMIC_NO_PIC = NO;
				GCC_NO_COMMON_BLOCKS = YES;
				GCC_OPTIMIZATION_LEVEL = 0;
				GCC_PREPROCESSOR_DEFINITIONS = (
					"DEBUG=1",
					"$(inherited)",
				);
				GCC_WARN_64_TO_32_BIT_CONVERSION = YES;
				GCC_WARN_ABOUT_RETURN_TYPE = YES_ERROR;
				GCC_WARN_UNDECLARED_SELECTOR = YES;
				GCC_WARN_UNINITIALIZED_AUTOS = YES_AGGRESSIVE;
				GCC_WARN_UNUSED_FUNCTION = YES;
				GCC_WARN_UNUSED_VARIABLE = YES;
				IPHONEOS_DEPLOYMENT_TARGET = 13.6;
				MTL_ENABLE_DEBUG_INFO = INCLUDE_SOURCE;
				MTL_FAST_MATH = YES;
				ONLY_ACTIVE_ARCH = YES;
				SDKROOT = iphoneos;
				SWIFT_ACTIVE_COMPILATION_CONDITIONS = DEBUG;
				SWIFT_OPTIMIZATION_LEVEL = "-Onone";
			};
			name = Debug;
		};
		82EF8E2024EABFD1004BED4B /* Release */ = {
			isa = XCBuildConfiguration;
			buildSettings = {
				ALWAYS_SEARCH_USER_PATHS = NO;
				CLANG_ANALYZER_NONNULL = YES;
				CLANG_ANALYZER_NUMBER_OBJECT_CONVERSION = YES_AGGRESSIVE;
				CLANG_CXX_LANGUAGE_STANDARD = "gnu++14";
				CLANG_CXX_LIBRARY = "libc++";
				CLANG_ENABLE_MODULES = YES;
				CLANG_ENABLE_OBJC_ARC = YES;
				CLANG_ENABLE_OBJC_WEAK = YES;
				CLANG_WARN_BLOCK_CAPTURE_AUTORELEASING = YES;
				CLANG_WARN_BOOL_CONVERSION = YES;
				CLANG_WARN_COMMA = YES;
				CLANG_WARN_CONSTANT_CONVERSION = YES;
				CLANG_WARN_DEPRECATED_OBJC_IMPLEMENTATIONS = YES;
				CLANG_WARN_DIRECT_OBJC_ISA_USAGE = YES_ERROR;
				CLANG_WARN_DOCUMENTATION_COMMENTS = YES;
				CLANG_WARN_EMPTY_BODY = YES;
				CLANG_WARN_ENUM_CONVERSION = YES;
				CLANG_WARN_INFINITE_RECURSION = YES;
				CLANG_WARN_INT_CONVERSION = YES;
				CLANG_WARN_NON_LITERAL_NULL_CONVERSION = YES;
				CLANG_WARN_OBJC_IMPLICIT_RETAIN_SELF = YES;
				CLANG_WARN_OBJC_LITERAL_CONVERSION = YES;
				CLANG_WARN_OBJC_ROOT_CLASS = YES_ERROR;
				CLANG_WARN_RANGE_LOOP_ANALYSIS = YES;
				CLANG_WARN_STRICT_PROTOTYPES = YES;
				CLANG_WARN_SUSPICIOUS_MOVE = YES;
				CLANG_WARN_UNGUARDED_AVAILABILITY = YES_AGGRESSIVE;
				CLANG_WARN_UNREACHABLE_CODE = YES;
				CLANG_WARN__DUPLICATE_METHOD_MATCH = YES;
				COPY_PHASE_STRIP = NO;
				DEBUG_INFORMATION_FORMAT = "dwarf-with-dsym";
				ENABLE_NS_ASSERTIONS = NO;
				ENABLE_STRICT_OBJC_MSGSEND = YES;
				GCC_C_LANGUAGE_STANDARD = gnu11;
				GCC_NO_COMMON_BLOCKS = YES;
				GCC_WARN_64_TO_32_BIT_CONVERSION = YES;
				GCC_WARN_ABOUT_RETURN_TYPE = YES_ERROR;
				GCC_WARN_UNDECLARED_SELECTOR = YES;
				GCC_WARN_UNINITIALIZED_AUTOS = YES_AGGRESSIVE;
				GCC_WARN_UNUSED_FUNCTION = YES;
				GCC_WARN_UNUSED_VARIABLE = YES;
				IPHONEOS_DEPLOYMENT_TARGET = 13.6;
				MTL_ENABLE_DEBUG_INFO = NO;
				MTL_FAST_MATH = YES;
				SDKROOT = iphoneos;
				SWIFT_COMPILATION_MODE = wholemodule;
				SWIFT_OPTIMIZATION_LEVEL = "-O";
				VALIDATE_PRODUCT = YES;
			};
			name = Release;
		};
		82EF8E2224EABFD1004BED4B /* Debug */ = {
			isa = XCBuildConfiguration;
			buildSettings = {
				ASSETCATALOG_COMPILER_APPICON_NAME = AppIcon;
				CODE_SIGN_STYLE = Automatic;
				DEVELOPMENT_ASSET_PATHS = "\"FiniteStateMachineExample/Preview Content\"";
				DEVELOPMENT_TEAM = HBZLH8M85C;
				ENABLE_PREVIEWS = YES;
				INFOPLIST_FILE = FiniteStateMachineExample/Info.plist;
				LD_RUNPATH_SEARCH_PATHS = (
					"$(inherited)",
					"@executable_path/Frameworks",
				);
				PRODUCT_BUNDLE_IDENTIFIER = com.wimes.example.FiniteStateMachineExample;
				PRODUCT_NAME = "$(TARGET_NAME)";
				SWIFT_VERSION = 5.0;
				TARGETED_DEVICE_FAMILY = "1,2";
			};
			name = Debug;
		};
		82EF8E2324EABFD1004BED4B /* Release */ = {
			isa = XCBuildConfiguration;
			buildSettings = {
				ASSETCATALOG_COMPILER_APPICON_NAME = AppIcon;
				CODE_SIGN_STYLE = Automatic;
				DEVELOPMENT_ASSET_PATHS = "\"FiniteStateMachineExample/Preview Content\"";
				DEVELOPMENT_TEAM = HBZLH8M85C;
				ENABLE_PREVIEWS = YES;
				INFOPLIST_FILE = FiniteStateMachineExample/Info.plist;
				LD_RUNPATH_SEARCH_PATHS = (
					"$(inherited)",
					"@executable_path/Frameworks",
				);
				PRODUCT_BUNDLE_IDENTIFIER = com.wimes.example.FiniteStateMachineExample;
				PRODUCT_NAME = "$(TARGET_NAME)";
				SWIFT_VERSION = 5.0;
				TARGETED_DEVICE_FAMILY = "1,2";
			};
			name = Release;
		};
		82EF8E2524EABFD1004BED4B /* Debug */ = {
			isa = XCBuildConfiguration;
			buildSettings = {
				ALWAYS_EMBED_SWIFT_STANDARD_LIBRARIES = YES;
				BUNDLE_LOADER = "$(TEST_HOST)";
				CODE_SIGN_STYLE = Automatic;
				DEVELOPMENT_TEAM = HBZLH8M85C;
				INFOPLIST_FILE = FiniteStateMachineExampleTests/Info.plist;
				IPHONEOS_DEPLOYMENT_TARGET = 13.6;
				LD_RUNPATH_SEARCH_PATHS = (
					"$(inherited)",
					"@executable_path/Frameworks",
					"@loader_path/Frameworks",
				);
				PRODUCT_BUNDLE_IDENTIFIER = com.wimes.example.FiniteStateMachineExampleTests;
				PRODUCT_NAME = "$(TARGET_NAME)";
				SWIFT_VERSION = 5.0;
				TARGETED_DEVICE_FAMILY = "1,2";
				TEST_HOST = "$(BUILT_PRODUCTS_DIR)/FiniteStateMachineExample.app/FiniteStateMachineExample";
			};
			name = Debug;
		};
		82EF8E2624EABFD1004BED4B /* Release */ = {
			isa = XCBuildConfiguration;
			buildSettings = {
				ALWAYS_EMBED_SWIFT_STANDARD_LIBRARIES = YES;
				BUNDLE_LOADER = "$(TEST_HOST)";
				CODE_SIGN_STYLE = Automatic;
				DEVELOPMENT_TEAM = HBZLH8M85C;
				INFOPLIST_FILE = FiniteStateMachineExampleTests/Info.plist;
				IPHONEOS_DEPLOYMENT_TARGET = 13.6;
				LD_RUNPATH_SEARCH_PATHS = (
					"$(inherited)",
					"@executable_path/Frameworks",
					"@loader_path/Frameworks",
				);
				PRODUCT_BUNDLE_IDENTIFIER = com.wimes.example.FiniteStateMachineExampleTests;
				PRODUCT_NAME = "$(TARGET_NAME)";
				SWIFT_VERSION = 5.0;
				TARGETED_DEVICE_FAMILY = "1,2";
				TEST_HOST = "$(BUILT_PRODUCTS_DIR)/FiniteStateMachineExample.app/FiniteStateMachineExample";
			};
			name = Release;
		};
		82EF8E2824EABFD1004BED4B /* Debug */ = {
			isa = XCBuildConfiguration;
			buildSettings = {
				ALWAYS_EMBED_SWIFT_STANDARD_LIBRARIES = YES;
				CODE_SIGN_STYLE = Automatic;
				DEVELOPMENT_TEAM = HBZLH8M85C;
				INFOPLIST_FILE = FiniteStateMachineExampleUITests/Info.plist;
				LD_RUNPATH_SEARCH_PATHS = (
					"$(inherited)",
					"@executable_path/Frameworks",
					"@loader_path/Frameworks",
				);
				PRODUCT_BUNDLE_IDENTIFIER = com.wimes.example.FiniteStateMachineExampleUITests;
				PRODUCT_NAME = "$(TARGET_NAME)";
				SWIFT_VERSION = 5.0;
				TARGETED_DEVICE_FAMILY = "1,2";
				TEST_TARGET_NAME = FiniteStateMachineExample;
			};
			name = Debug;
		};
		82EF8E2924EABFD1004BED4B /* Release */ = {
			isa = XCBuildConfiguration;
			buildSettings = {
				ALWAYS_EMBED_SWIFT_STANDARD_LIBRARIES = YES;
				CODE_SIGN_STYLE = Automatic;
				DEVELOPMENT_TEAM = HBZLH8M85C;
				INFOPLIST_FILE = FiniteStateMachineExampleUITests/Info.plist;
				LD_RUNPATH_SEARCH_PATHS = (
					"$(inherited)",
					"@executable_path/Frameworks",
					"@loader_path/Frameworks",
				);
				PRODUCT_BUNDLE_IDENTIFIER = com.wimes.example.FiniteStateMachineExampleUITests;
				PRODUCT_NAME = "$(TARGET_NAME)";
				SWIFT_VERSION = 5.0;
				TARGETED_DEVICE_FAMILY = "1,2";
				TEST_TARGET_NAME = FiniteStateMachineExample;
			};
			name = Release;
		};
/* End XCBuildConfiguration section */

/* Begin XCConfigurationList section */
		82EF8DF224EABFCF004BED4B /* Build configuration list for PBXProject "FiniteStateMachineExample" */ = {
			isa = XCConfigurationList;
			buildConfigurations = (
				82EF8E1F24EABFD1004BED4B /* Debug */,
				82EF8E2024EABFD1004BED4B /* Release */,
			);
			defaultConfigurationIsVisible = 0;
			defaultConfigurationName = Release;
		};
		82EF8E2124EABFD1004BED4B /* Build configuration list for PBXNativeTarget "FiniteStateMachineExample" */ = {
			isa = XCConfigurationList;
			buildConfigurations = (
				82EF8E2224EABFD1004BED4B /* Debug */,
				82EF8E2324EABFD1004BED4B /* Release */,
			);
			defaultConfigurationIsVisible = 0;
			defaultConfigurationName = Release;
		};
		82EF8E2424EABFD1004BED4B /* Build configuration list for PBXNativeTarget "FiniteStateMachineExampleTests" */ = {
			isa = XCConfigurationList;
			buildConfigurations = (
				82EF8E2524EABFD1004BED4B /* Debug */,
				82EF8E2624EABFD1004BED4B /* Release */,
			);
			defaultConfigurationIsVisible = 0;
			defaultConfigurationName = Release;
		};
		82EF8E2724EABFD1004BED4B /* Build configuration list for PBXNativeTarget "FiniteStateMachineExampleUITests" */ = {
			isa = XCConfigurationList;
			buildConfigurations = (
				82EF8E2824EABFD1004BED4B /* Debug */,
				82EF8E2924EABFD1004BED4B /* Release */,
			);
			defaultConfigurationIsVisible = 0;
			defaultConfigurationName = Release;
		};
/* End XCConfigurationList section */
	};
	rootObject = 82EF8DEF24EABFCF004BED4B /* Project object */;
}
